<?xml version="1.0" encoding="utf-8"?>
<Project ToolsVersion="4.0" xmlns="http://schemas.microsoft.com/developer/msbuild/2003">
  <ItemGroup>
    <Filter Include="Source Files">
      <UniqueIdentifier>{4FC737F1-C7A5-4376-A066-2A32D752A2FF}</UniqueIdentifier>
      <Extensions>cpp;c;cc;cxx;c++;cppm;ixx;def;odl;idl;hpj;bat;asm;asmx</Extensions>
    </Filter>
    <Filter Include="Header Files">
      <UniqueIdentifier>{93995380-89BD-4b04-88EB-625FBE52EBFB}</UniqueIdentifier>
      <Extensions>h;hh;hpp;hxx;h++;hm;inl;inc;ipp;xsd</Extensions>
    </Filter>
    <Filter Include="Resource Files">
      <UniqueIdentifier>{67DA6AB6-F800-4c08-8B7A-83BB121AAD01}</UniqueIdentifier>
      <Extensions>rc;ico;cur;bmp;dlg;rc2;rct;bin;rgs;gif;jpg;jpeg;jpe;resx;tiff;tif;png;wav;mfcribbon-ms</Extensions>
    </Filter>
  </ItemGroup>
  <ItemGroup>
    <ClInclude Include="include\pch.h">
      <Filter>Header Files</Filter>
    </ClInclude>
    <ClInclude Include="lib\imgui\backends\imgui_impl_dx11.h">
      <Filter>Header Files</Filter>
    </ClInclude>
    <ClInclude Include="lib\imgui\backends\imgui_impl_win32.h">
      <Filter>Header Files</Filter>
    </ClInclude>
    <ClInclude Include="lib\imgui\freetype\imgui_freetype.h">
      <Filter>Header Files</Filter>
    </ClInclude>
    <ClInclude Include="lib\imgui\imconfig.h">
      <Filter>Header Files</Filter>
    </ClInclude>
    <ClInclude Include="lib\imgui\imgui.h">
      <Filter>Header Files</Filter>
    </ClInclude>
    <ClInclude Include="lib\imgui\imgui_internal.h">
      <Filter>Header Files</Filter>
    </ClInclude>
    <ClInclude Include="lib\imgui\imstb_rectpack.h">
      <Filter>Header Files</Filter>
    </ClInclude>
    <ClInclude Include="lib\imgui\imstb_textedit.h">
      <Filter>Header Files</Filter>
    </ClInclude>
    <ClInclude Include="lib\imgui\imstb_truetype.h">
      <Filter>Header Files</Filter>
    </ClInclude>
    <ClInclude Include="src\Utils\MathUtil.h">
      <Filter>Header Files</Filter>
    </ClInclude>
    <ClInclude Include="src\Hook\Hooks\DirectXHook.h">
      <Filter>Header Files</Filter>
    </ClInclude>
    <ClInclude Include="lib\freetype\freetype\config\ftconfig.h">
      <Filter>Header Files</Filter>
    </ClInclude>
    <ClInclude Include="lib\freetype\freetype\config\ftheader.h">
      <Filter>Header Files</Filter>
    </ClInclude>
    <ClInclude Include="lib\freetype\freetype\config\ftmodule.h">
      <Filter>Header Files</Filter>
    </ClInclude>
    <ClInclude Include="lib\freetype\freetype\config\ftoption.h">
      <Filter>Header Files</Filter>
    </ClInclude>
    <ClInclude Include="lib\freetype\freetype\config\ftstdlib.h">
      <Filter>Header Files</Filter>
    </ClInclude>
    <ClInclude Include="lib\freetype\freetype\config\integer-types.h">
      <Filter>Header Files</Filter>
    </ClInclude>
    <ClInclude Include="lib\freetype\freetype\config\mac-support.h">
      <Filter>Header Files</Filter>
    </ClInclude>
    <ClInclude Include="lib\freetype\freetype\config\public-macros.h">
      <Filter>Header Files</Filter>
    </ClInclude>
    <ClInclude Include="lib\freetype\freetype\internal\services\svbdf.h">
      <Filter>Header Files</Filter>
    </ClInclude>
    <ClInclude Include="lib\freetype\freetype\internal\services\svcfftl.h">
      <Filter>Header Files</Filter>
    </ClInclude>
    <ClInclude Include="lib\freetype\freetype\internal\services\svcid.h">
      <Filter>Header Files</Filter>
    </ClInclude>
    <ClInclude Include="lib\freetype\freetype\internal\services\svfntfmt.h">
      <Filter>Header Files</Filter>
    </ClInclude>
    <ClInclude Include="lib\freetype\freetype\internal\services\svgldict.h">
      <Filter>Header Files</Filter>
    </ClInclude>
    <ClInclude Include="lib\freetype\freetype\internal\services\svgxval.h">
      <Filter>Header Files</Filter>
    </ClInclude>
    <ClInclude Include="lib\freetype\freetype\internal\services\svkern.h">
      <Filter>Header Files</Filter>
    </ClInclude>
    <ClInclude Include="lib\freetype\freetype\internal\services\svmetric.h">
      <Filter>Header Files</Filter>
    </ClInclude>
    <ClInclude Include="lib\freetype\freetype\internal\services\svmm.h">
      <Filter>Header Files</Filter>
    </ClInclude>
    <ClInclude Include="lib\freetype\freetype\internal\services\svotval.h">
      <Filter>Header Files</Filter>
    </ClInclude>
    <ClInclude Include="lib\freetype\freetype\internal\services\svpfr.h">
      <Filter>Header Files</Filter>
    </ClInclude>
    <ClInclude Include="lib\freetype\freetype\internal\services\svpostnm.h">
      <Filter>Header Files</Filter>
    </ClInclude>
    <ClInclude Include="lib\freetype\freetype\internal\services\svprop.h">
      <Filter>Header Files</Filter>
    </ClInclude>
    <ClInclude Include="lib\freetype\freetype\internal\services\svpscmap.h">
      <Filter>Header Files</Filter>
    </ClInclude>
    <ClInclude Include="lib\freetype\freetype\internal\services\svpsinfo.h">
      <Filter>Header Files</Filter>
    </ClInclude>
    <ClInclude Include="lib\freetype\freetype\internal\services\svsfnt.h">
      <Filter>Header Files</Filter>
    </ClInclude>
    <ClInclude Include="lib\freetype\freetype\internal\services\svttcmap.h">
      <Filter>Header Files</Filter>
    </ClInclude>
    <ClInclude Include="lib\freetype\freetype\internal\services\svtteng.h">
      <Filter>Header Files</Filter>
    </ClInclude>
    <ClInclude Include="lib\freetype\freetype\internal\services\svttglyf.h">
      <Filter>Header Files</Filter>
    </ClInclude>
    <ClInclude Include="lib\freetype\freetype\internal\services\svwinfnt.h">
      <Filter>Header Files</Filter>
    </ClInclude>
    <ClInclude Include="lib\freetype\freetype\internal\autohint.h">
      <Filter>Header Files</Filter>
    </ClInclude>
    <ClInclude Include="lib\freetype\freetype\internal\cffotypes.h">
      <Filter>Header Files</Filter>
    </ClInclude>
    <ClInclude Include="lib\freetype\freetype\internal\cfftypes.h">
      <Filter>Header Files</Filter>
    </ClInclude>
    <ClInclude Include="lib\freetype\freetype\internal\compiler-macros.h">
      <Filter>Header Files</Filter>
    </ClInclude>
    <ClInclude Include="lib\freetype\freetype\internal\ftcalc.h">
      <Filter>Header Files</Filter>
    </ClInclude>
    <ClInclude Include="lib\freetype\freetype\internal\ftdebug.h">
      <Filter>Header Files</Filter>
    </ClInclude>
    <ClInclude Include="lib\freetype\freetype\internal\ftdrv.h">
      <Filter>Header Files</Filter>
    </ClInclude>
    <ClInclude Include="lib\freetype\freetype\internal\ftgloadr.h">
      <Filter>Header Files</Filter>
    </ClInclude>
    <ClInclude Include="lib\freetype\freetype\internal\fthash.h">
      <Filter>Header Files</Filter>
    </ClInclude>
    <ClInclude Include="lib\freetype\freetype\internal\ftmemory.h">
      <Filter>Header Files</Filter>
    </ClInclude>
    <ClInclude Include="lib\freetype\freetype\internal\ftmmtypes.h">
      <Filter>Header Files</Filter>
    </ClInclude>
    <ClInclude Include="lib\freetype\freetype\internal\ftobjs.h">
      <Filter>Header Files</Filter>
    </ClInclude>
    <ClInclude Include="lib\freetype\freetype\internal\ftpsprop.h">
      <Filter>Header Files</Filter>
    </ClInclude>
    <ClInclude Include="lib\freetype\freetype\internal\ftrfork.h">
      <Filter>Header Files</Filter>
    </ClInclude>
    <ClInclude Include="lib\freetype\freetype\internal\ftserv.h">
      <Filter>Header Files</Filter>
    </ClInclude>
    <ClInclude Include="lib\freetype\freetype\internal\ftstream.h">
      <Filter>Header Files</Filter>
    </ClInclude>
    <ClInclude Include="lib\freetype\freetype\internal\fttrace.h">
      <Filter>Header Files</Filter>
    </ClInclude>
    <ClInclude Include="lib\freetype\freetype\internal\ftvalid.h">
      <Filter>Header Files</Filter>
    </ClInclude>
    <ClInclude Include="lib\freetype\freetype\internal\psaux.h">
      <Filter>Header Files</Filter>
    </ClInclude>
    <ClInclude Include="lib\freetype\freetype\internal\pshints.h">
      <Filter>Header Files</Filter>
    </ClInclude>
    <ClInclude Include="lib\freetype\freetype\internal\sfnt.h">
      <Filter>Header Files</Filter>
    </ClInclude>
    <ClInclude Include="lib\freetype\freetype\internal\svginterface.h">
      <Filter>Header Files</Filter>
    </ClInclude>
    <ClInclude Include="lib\freetype\freetype\internal\t1types.h">
      <Filter>Header Files</Filter>
    </ClInclude>
    <ClInclude Include="lib\freetype\freetype\internal\tttypes.h">
      <Filter>Header Files</Filter>
    </ClInclude>
    <ClInclude Include="lib\freetype\freetype\internal\wofftypes.h">
      <Filter>Header Files</Filter>
    </ClInclude>
    <ClInclude Include="lib\freetype\freetype\freetype.h">
      <Filter>Header Files</Filter>
    </ClInclude>
    <ClInclude Include="lib\freetype\freetype\ftadvanc.h">
      <Filter>Header Files</Filter>
    </ClInclude>
    <ClInclude Include="lib\freetype\freetype\ftbbox.h">
      <Filter>Header Files</Filter>
    </ClInclude>
    <ClInclude Include="lib\freetype\freetype\ftbdf.h">
      <Filter>Header Files</Filter>
    </ClInclude>
    <ClInclude Include="lib\freetype\freetype\ftbitmap.h">
      <Filter>Header Files</Filter>
    </ClInclude>
    <ClInclude Include="lib\freetype\freetype\ftbzip2.h">
      <Filter>Header Files</Filter>
    </ClInclude>
    <ClInclude Include="lib\freetype\freetype\ftcache.h">
      <Filter>Header Files</Filter>
    </ClInclude>
    <ClInclude Include="lib\freetype\freetype\ftchapters.h">
      <Filter>Header Files</Filter>
    </ClInclude>
    <ClInclude Include="lib\freetype\freetype\ftcid.h">
      <Filter>Header Files</Filter>
    </ClInclude>
    <ClInclude Include="lib\freetype\freetype\ftcolor.h">
      <Filter>Header Files</Filter>
    </ClInclude>
    <ClInclude Include="lib\freetype\freetype\ftdriver.h">
      <Filter>Header Files</Filter>
    </ClInclude>
    <ClInclude Include="lib\freetype\freetype\fterrdef.h">
      <Filter>Header Files</Filter>
    </ClInclude>
    <ClInclude Include="lib\freetype\freetype\fterrors.h">
      <Filter>Header Files</Filter>
    </ClInclude>
    <ClInclude Include="lib\freetype\freetype\ftfntfmt.h">
      <Filter>Header Files</Filter>
    </ClInclude>
    <ClInclude Include="lib\freetype\freetype\ftgasp.h">
      <Filter>Header Files</Filter>
    </ClInclude>
    <ClInclude Include="lib\freetype\freetype\ftglyph.h">
      <Filter>Header Files</Filter>
    </ClInclude>
    <ClInclude Include="lib\freetype\freetype\ftgxval.h">
      <Filter>Header Files</Filter>
    </ClInclude>
    <ClInclude Include="lib\freetype\freetype\ftgzip.h">
      <Filter>Header Files</Filter>
    </ClInclude>
    <ClInclude Include="lib\freetype\freetype\ftimage.h">
      <Filter>Header Files</Filter>
    </ClInclude>
    <ClInclude Include="lib\freetype\freetype\ftincrem.h">
      <Filter>Header Files</Filter>
    </ClInclude>
    <ClInclude Include="lib\freetype\freetype\ftlcdfil.h">
      <Filter>Header Files</Filter>
    </ClInclude>
    <ClInclude Include="lib\freetype\freetype\ftlist.h">
      <Filter>Header Files</Filter>
    </ClInclude>
    <ClInclude Include="lib\freetype\freetype\ftlogging.h">
      <Filter>Header Files</Filter>
    </ClInclude>
    <ClInclude Include="lib\freetype\freetype\ftlzw.h">
      <Filter>Header Files</Filter>
    </ClInclude>
    <ClInclude Include="lib\freetype\freetype\ftmac.h">
      <Filter>Header Files</Filter>
    </ClInclude>
    <ClInclude Include="lib\freetype\freetype\ftmm.h">
      <Filter>Header Files</Filter>
    </ClInclude>
    <ClInclude Include="lib\freetype\freetype\ftmodapi.h">
      <Filter>Header Files</Filter>
    </ClInclude>
    <ClInclude Include="lib\freetype\freetype\ftmoderr.h">
      <Filter>Header Files</Filter>
    </ClInclude>
    <ClInclude Include="lib\freetype\freetype\ftotval.h">
      <Filter>Header Files</Filter>
    </ClInclude>
    <ClInclude Include="lib\freetype\freetype\ftoutln.h">
      <Filter>Header Files</Filter>
    </ClInclude>
    <ClInclude Include="lib\freetype\freetype\ftparams.h">
      <Filter>Header Files</Filter>
    </ClInclude>
    <ClInclude Include="lib\freetype\freetype\ftpfr.h">
      <Filter>Header Files</Filter>
    </ClInclude>
    <ClInclude Include="lib\freetype\freetype\ftrender.h">
      <Filter>Header Files</Filter>
    </ClInclude>
    <ClInclude Include="lib\freetype\freetype\ftsizes.h">
      <Filter>Header Files</Filter>
    </ClInclude>
    <ClInclude Include="lib\freetype\freetype\ftsnames.h">
      <Filter>Header Files</Filter>
    </ClInclude>
    <ClInclude Include="lib\freetype\freetype\ftstroke.h">
      <Filter>Header Files</Filter>
    </ClInclude>
    <ClInclude Include="lib\freetype\freetype\ftsynth.h">
      <Filter>Header Files</Filter>
    </ClInclude>
    <ClInclude Include="lib\freetype\freetype\ftsystem.h">
      <Filter>Header Files</Filter>
    </ClInclude>
    <ClInclude Include="lib\freetype\freetype\fttrigon.h">
      <Filter>Header Files</Filter>
    </ClInclude>
    <ClInclude Include="lib\freetype\freetype\fttypes.h">
      <Filter>Header Files</Filter>
    </ClInclude>
    <ClInclude Include="lib\freetype\freetype\ftwinfnt.h">
      <Filter>Header Files</Filter>
    </ClInclude>
    <ClInclude Include="lib\freetype\freetype\otsvg.h">
      <Filter>Header Files</Filter>
    </ClInclude>
    <ClInclude Include="lib\freetype\freetype\t1tables.h">
      <Filter>Header Files</Filter>
    </ClInclude>
    <ClInclude Include="lib\freetype\freetype\ttnameid.h">
      <Filter>Header Files</Filter>
    </ClInclude>
    <ClInclude Include="lib\freetype\freetype\tttables.h">
      <Filter>Header Files</Filter>
    </ClInclude>
    <ClInclude Include="lib\freetype\freetype\tttags.h">
      <Filter>Header Files</Filter>
    </ClInclude>
    <ClInclude Include="lib\freetype\ft2build.h">
      <Filter>Header Files</Filter>
    </ClInclude>
    <ClInclude Include="lib\kiero\kiero.h">
      <Filter>Header Files</Filter>
    </ClInclude>
    <ClInclude Include="lib\minhook\MinHook.h">
      <Filter>Header Files</Filter>
    </ClInclude>
    <ClInclude Include="src\Hook\Hooks\WndProcHook.h">
      <Filter>Header Files</Filter>
    </ClInclude>
    <ClInclude Include="include\custom_window.h">
      <Filter>Header Files</Filter>
    </ClInclude>
    <ClInclude Include="include\module.h">
      <Filter>Header Files</Filter>
    </ClInclude>
    <ClInclude Include="src\Module\ModuleBase.h">
      <Filter>Header Files</Filter>
    </ClInclude>
    <ClInclude Include="src\Module\ModuleManager.h">
      <Filter>Header Files</Filter>
    </ClInclude>
    <ClInclude Include="src\Module\Modules\Visual\Menu.h">
      <Filter>Header Files</Filter>
    </ClInclude>
    <ClInclude Include="src\Module\Modules\Visual\Watermark.h">
      <Filter>Header Files</Filter>
    </ClInclude>
    <ClInclude Include="src\UI\FontsData\RobotoMedium.h">
      <Filter>Header Files</Filter>
    </ClInclude>
    <ClInclude Include="src\UI\FontsData\RobotoRegular.h">
      <Filter>Header Files</Filter>
    </ClInclude>
    <ClInclude Include="src\UI\FontManager.h">
      <Filter>Source Files</Filter>
    </ClInclude>
    <ClInclude Include="src\UI\FontsData\FontAwesome.h">
      <Filter>Header Files</Filter>
    </ClInclude>
    <ClInclude Include="src\UI\FontsData\IconsFontAwesome6.h">
      <Filter>Header Files</Filter>
    </ClInclude>
    <ClInclude Include="src\Module\Modules\Visual\ArrayList.h">
      <Filter>Header Files</Filter>
    </ClInclude>
    <ClInclude Include="src\Game\PatternScanner.h">
      <Filter>Header Files</Filter>
    </ClInclude>
    <ClInclude Include="src\Utils\Console.h">
      <Filter>Header Files</Filter>
    </ClInclude>
    <ClInclude Include="src\Game\Offsets.h">
      <Filter>Header Files</Filter>
    </ClInclude>
    <ClInclude Include="lib\il2cpp.h">
      <Filter>Header Files</Filter>
    </ClInclude>
    <ClInclude Include="src\Utils\Logger.h">
      <Filter>Header Files</Filter>
    </ClInclude>
    <ClInclude Include="src\Game\Functions.h">
      <Filter>Header Files</Filter>
    </ClInclude>
    <ClInclude Include="src\Utils\Utils.h">
      <Filter>Header Files</Filter>
    </ClInclude>
    <ClInclude Include="src\Hook\FunctionHook.h">
      <Filter>Header Files</Filter>
    </ClInclude>
    <ClInclude Include="src\Hook\HookManager.h">
      <Filter>Header Files</Filter>
    </ClInclude>
    <ClInclude Include="src\Hook\Hooks\RaiseEventDetour.h">
      <Filter>Header Files</Filter>
    </ClInclude>
    <ClInclude Include="src\Globals.h">
      <Filter>Header Files</Filter>
    </ClInclude>
    <ClInclude Include="src\Hook\Hooks\NotifyDetour.h">
      <Filter>Header Files</Filter>
    </ClInclude>
    <ClInclude Include="lib\IL2CPP_Resolver\Functions\Callback.hpp">
      <Filter>Header Files</Filter>
    </ClInclude>
    <ClInclude Include="lib\IL2CPP_Resolver\Functions\Class.hpp">
      <Filter>Header Files</Filter>
    </ClInclude>
    <ClInclude Include="lib\IL2CPP_Resolver\Functions\Domain.hpp">
      <Filter>Header Files</Filter>
    </ClInclude>
    <ClInclude Include="lib\IL2CPP_Resolver\Functions\ResolveCall.hpp">
      <Filter>Header Files</Filter>
    </ClInclude>
    <ClInclude Include="lib\IL2CPP_Resolver\Functions\String.hpp">
      <Filter>Header Files</Filter>
    </ClInclude>
    <ClInclude Include="lib\IL2CPP_Resolver\Functions\Thread.hpp">
      <Filter>Header Files</Filter>
    </ClInclude>
    <ClInclude Include="lib\IL2CPP_Resolver\Unity\API\_TEMPLATE_API.hpp">
      <Filter>Header Files</Filter>
    </ClInclude>
    <ClInclude Include="lib\IL2CPP_Resolver\Unity\API\Camera.hpp">
      <Filter>Header Files</Filter>
    </ClInclude>
    <ClInclude Include="lib\IL2CPP_Resolver\Unity\API\Component.hpp">
      <Filter>Header Files</Filter>
    </ClInclude>
    <ClInclude Include="lib\IL2CPP_Resolver\Unity\API\GameObject.hpp">
      <Filter>Header Files</Filter>
    </ClInclude>
    <ClInclude Include="lib\IL2CPP_Resolver\Unity\API\LayerMask.hpp">
      <Filter>Header Files</Filter>
    </ClInclude>
    <ClInclude Include="lib\IL2CPP_Resolver\Unity\API\Object.hpp">
      <Filter>Header Files</Filter>
    </ClInclude>
    <ClInclude Include="lib\IL2CPP_Resolver\Unity\API\Rigidbody.hpp">
      <Filter>Header Files</Filter>
    </ClInclude>
    <ClInclude Include="lib\IL2CPP_Resolver\Unity\API\Transform.hpp">
      <Filter>Header Files</Filter>
    </ClInclude>
    <ClInclude Include="lib\IL2CPP_Resolver\Unity\Structures\Engine.hpp">
      <Filter>Header Files</Filter>
    </ClInclude>
    <ClInclude Include="lib\IL2CPP_Resolver\Unity\Structures\il2cpp.hpp">
      <Filter>Header Files</Filter>
    </ClInclude>
    <ClInclude Include="lib\IL2CPP_Resolver\Unity\Structures\il2cppArray.hpp">
      <Filter>Header Files</Filter>
    </ClInclude>
    <ClInclude Include="lib\IL2CPP_Resolver\Unity\Structures\il2cppDictionary.hpp">
      <Filter>Header Files</Filter>
    </ClInclude>
    <ClInclude Include="lib\IL2CPP_Resolver\Unity\Structures\Includes.hpp">
      <Filter>Header Files</Filter>
    </ClInclude>
    <ClInclude Include="lib\IL2CPP_Resolver\Unity\Structures\System_String.hpp">
      <Filter>Header Files</Filter>
    </ClInclude>
    <ClInclude Include="lib\IL2CPP_Resolver\Unity\Defines.hpp">
      <Filter>Header Files</Filter>
    </ClInclude>
    <ClInclude Include="lib\IL2CPP_Resolver\Unity\Includes.hpp">
      <Filter>Header Files</Filter>
    </ClInclude>
    <ClInclude Include="lib\IL2CPP_Resolver\Unity\Obfuscators.hpp">
      <Filter>Header Files</Filter>
    </ClInclude>
    <ClInclude Include="lib\IL2CPP_Resolver\Utils\Helper.hpp">
      <Filter>Header Files</Filter>
    </ClInclude>
    <ClInclude Include="lib\IL2CPP_Resolver\Utils\Joaat.hpp">
      <Filter>Header Files</Filter>
    </ClInclude>
    <ClInclude Include="lib\IL2CPP_Resolver\Utils\VFunc.hpp">
      <Filter>Header Files</Filter>
    </ClInclude>
    <ClInclude Include="lib\IL2CPP_Resolver\Cache.hpp">
      <Filter>Header Files</Filter>
    </ClInclude>
    <ClInclude Include="lib\IL2CPP_Resolver\Data.hpp">
      <Filter>Header Files</Filter>
    </ClInclude>
    <ClInclude Include="lib\IL2CPP_Resolver\Defines.hpp">
      <Filter>Header Files</Filter>
    </ClInclude>
    <ClInclude Include="lib\IL2CPP_Resolver\Includes.hpp">
      <Filter>Header Files</Filter>
    </ClInclude>
    <ClInclude Include="lib\IL2CPP_Resolver\Main.hpp">
      <Filter>Header Files</Filter>
    </ClInclude>
  </ItemGroup>
  <ItemGroup>
    <ClCompile Include="src\dllmain.cpp">
      <Filter>Source Files</Filter>
    </ClCompile>
    <ClCompile Include="include\pch.cpp">
      <Filter>Source Files</Filter>
    </ClCompile>
    <ClCompile Include="lib\imgui\backends\imgui_impl_dx11.cpp">
      <Filter>Source Files</Filter>
    </ClCompile>
    <ClCompile Include="lib\imgui\backends\imgui_impl_win32.cpp">
      <Filter>Source Files</Filter>
    </ClCompile>
    <ClCompile Include="lib\imgui\freetype\imgui_freetype.cpp">
      <Filter>Source Files</Filter>
    </ClCompile>
    <ClCompile Include="lib\imgui\imgui.cpp">
      <Filter>Source Files</Filter>
    </ClCompile>
    <ClCompile Include="lib\imgui\imgui_demo.cpp">
      <Filter>Source Files</Filter>
    </ClCompile>
    <ClCompile Include="lib\imgui\imgui_draw.cpp">
      <Filter>Source Files</Filter>
    </ClCompile>
    <ClCompile Include="lib\imgui\imgui_tables.cpp">
      <Filter>Source Files</Filter>
    </ClCompile>
    <ClCompile Include="lib\imgui\imgui_widgets.cpp">
      <Filter>Source Files</Filter>
    </ClCompile>
    <ClCompile Include="src\Hook\Hooks\DirectXHook.cpp">
      <Filter>Source Files</Filter>
    </ClCompile>
    <ClCompile Include="lib\kiero\kiero.cpp">
      <Filter>Source Files</Filter>
    </ClCompile>
    <ClCompile Include="src\Hook\Hooks\WndProcHook.cpp">
      <Filter>Source Files</Filter>
    </ClCompile>
    <ClCompile Include="src\Module\ModuleBase.cpp">
      <Filter>Source Files</Filter>
    </ClCompile>
    <ClCompile Include="src\Module\ModuleManager.cpp">
      <Filter>Source Files</Filter>
    </ClCompile>
    <ClCompile Include="src\Module\Modules\Visual\Menu.cpp">
      <Filter>Source Files</Filter>
    </ClCompile>
    <ClCompile Include="src\Module\Modules\Visual\Watermark.cpp">
      <Filter>Source Files</Filter>
    </ClCompile>
    <ClCompile Include="src\UI\FontManager.cpp">
      <Filter>Source Files</Filter>
    </ClCompile>
    <ClCompile Include="src\Module\Modules\Visual\ArrayList.cpp">
      <Filter>Source Files</Filter>
    </ClCompile>
    <ClCompile Include="src\Game\PatternScanner.cpp">
      <Filter>Source Files</Filter>
    </ClCompile>
    <ClCompile Include="src\Utils\Console.cpp">
      <Filter>Source Files</Filter>
    </ClCompile>
    <ClCompile Include="src\Game\Offsets.cpp">
      <Filter>Source Files</Filter>
    </ClCompile>
    <ClCompile Include="src\Utils\Logger.cpp">
      <Filter>Source Files</Filter>
    </ClCompile>
    <ClCompile Include="src\Game\Functions.cpp">
      <Filter>Source Files</Filter>
    </ClCompile>
    <ClCompile Include="src\Utils\Utils.cpp">
      <Filter>Source Files</Filter>
    </ClCompile>
    <ClCompile Include="src\Hook\FunctionHook.cpp">
      <Filter>Source Files</Filter>
    </ClCompile>
    <ClCompile Include="src\Hook\HookManager.cpp">
      <Filter>Source Files</Filter>
    </ClCompile>
    <ClCompile Include="src\Hook\Hooks\RaiseEventDetour.cpp">
      <Filter>Source Files</Filter>
    </ClCompile>
    <ClCompile Include="src\Hook\Hooks\NotifyDetour.cpp">
      <Filter>Source Files</Filter>
    </ClCompile>
    <ClCompile Include="lib\IL2CPP_Resolver\Functions\Callback.cpp">
      <Filter>Source Files</Filter>
    </ClCompile>
    <ClCompile Include="lib\IL2CPP_Resolver\Functions\Class.cpp">
      <Filter>Source Files</Filter>
    </ClCompile>
    <ClCompile Include="lib\IL2CPP_Resolver\Functions\String.cpp">
      <Filter>Source Files</Filter>
    </ClCompile>
    <ClCompile Include="lib\IL2CPP_Resolver\Functions\Thread.cpp">
      <Filter>Source Files</Filter>
    </ClCompile>
    <ClCompile Include="lib\IL2CPP_Resolver\Unity\API\_TEMPLATE_API.cpp">
      <Filter>Source Files</Filter>
    </ClCompile>
    <ClCompile Include="lib\IL2CPP_Resolver\Unity\API\Camera.cpp">
      <Filter>Source Files</Filter>
    </ClCompile>
    <ClCompile Include="lib\IL2CPP_Resolver\Unity\API\Component.cpp">
      <Filter>Source Files</Filter>
    </ClCompile>
    <ClCompile Include="lib\IL2CPP_Resolver\Unity\API\GameObject.cpp">
      <Filter>Source Files</Filter>
    </ClCompile>
    <ClCompile Include="lib\IL2CPP_Resolver\Unity\API\LayerMask.cpp">
      <Filter>Source Files</Filter>
    </ClCompile>
    <ClCompile Include="lib\IL2CPP_Resolver\Unity\API\Object.cpp">
      <Filter>Source Files</Filter>
    </ClCompile>
    <ClCompile Include="lib\IL2CPP_Resolver\Unity\API\Rigidbody.cpp">
      <Filter>Source Files</Filter>
    </ClCompile>
    <ClCompile Include="lib\IL2CPP_Resolver\Unity\API\Transform.cpp">
      <Filter>Source Files</Filter>
    </ClCompile>
    <ClCompile Include="lib\IL2CPP_Resolver\Unity\Obfuscators.cpp">
      <Filter>Source Files</Filter>
    </ClCompile>
    <ClCompile Include="lib\IL2CPP_Resolver\Utils\Helper.cpp">
      <Filter>Source Files</Filter>
    </ClCompile>
    <ClCompile Include="lib\IL2CPP_Resolver\Cache.cpp">
      <Filter>Source Files</Filter>
    </ClCompile>
    <ClCompile Include="lib\IL2CPP_Resolver\Data.cpp">
      <Filter>Source Files</Filter>
    </ClCompile>
    <ClCompile Include="lib\IL2CPP_Resolver\Main.cpp">
      <Filter>Source Files</Filter>
    </ClCompile>
  </ItemGroup>
  <ItemGroup>
    <Library Include="lib\freetype\freetype.lib" />
    <Library Include="lib\minhook\libMinHook.x64.lib" />
  </ItemGroup>
  <ItemGroup>
    <None Include="lib\il2cpp.h.gz" />
    <None Include="lib\IL2CPP_Resolver\LICENSE" />
  </ItemGroup>
</Project>